{
  "name": "@yamato-daiwa/frontend-additional_themes",
  "version": "0.0.0",
  "lockfileVersion": 2,
  "requires": true,
  "packages": {
    "": {
      "name": "@yamato-daiwa/frontend-additional_themes",
      "version": "0.0.0",
      "devDependencies": {
        "@yamato-daiwa/frontend": "../Core"
      },
      "peerDependencies": {
        "@yamato-daiwa/frontend": "2.0.0-beta.12"
      }
    },
    "../Core": {
      "name": "@yamato-daiwa/frontend",
      "version": "2.0.0-beta.12",
      "dev": true,
      "license": "MIT",
      "dependencies": {
        "clipboard": "2.0.11",
        "fundamental-constants": "0.9.0",
        "prismjs": "1.30.0"
      },
      "devDependencies": {
        "@types/node": "24.13.6",
        "@types/prismjs": "1.26.6",
        "@yamato-daiwa/automation": "../../../../../GeneralIT_Development/InHouse/YamatoDaiwaAutomation/MainPackage",
        "@yamato-daiwa/es-extensions": "1.9.3",
        "@yamato-daiwa/es-extensions-browserjs": "1.9.3",
        "@yamato-daiwa/style_guides": "0.14.5",
        "rimraf": "6.1.3",
        "tsx": "4.23.15",
        "typescript": "6.0.3"
      },
      "funding": {
        "url": "https://github.com/TokugawaTakeshi/Yamato-Daiwa-Frontend?sponsor=1"
      },
      "peerDependencies": {
        "@yamato-daiwa/es-extensions": "~1.9.0",
        "@yamato-daiwa/es-extensions-browserjs": "~1.9.0"
      }
    },
    "node_modules/@yamato-daiwa/frontend": {
      "resolved": "../Core",
      "link": true
    }
  },
  "dependencies": {
    "@yamato-daiwa/frontend": {
      "version": "file:../Core",
      "requires": {
        "@types/node": "24.13.6",
        "@types/prismjs": "1.26.6",
        "@yamato-daiwa/automation": "../../../../../GeneralIT_Development/InHouse/YamatoDaiwaAutomation/MainPackage",
        "@yamato-daiwa/es-extensions": "1.9.3",
        "@yamato-daiwa/es-extensions-browserjs": "1.9.3",
        "@yamato-daiwa/style_guides": "0.14.5",
        "clipboard": "2.0.11",
        "fundamental-constants": "0.9.0",
        "prismjs": "1.30.0",
        "rimraf": "6.1.3",
        "tsx": "4.23.15",
        "typescript": "6.0.3"
      }
    }
  }
}
